dependencies:
  espressif/esp_modem:
    component_hash: e48da33fee082dd9d9a97a354a228057e07a14ac108766b40ad84e018205410a
    source:
      service_url: https://api.components.espressif.com/
      type: service
    version: 1.1.0
  espressif/mdns:
    component_hash: 31117d76cae83a6d83ffd7f035f6fdae5bd05b914fc30b641afeb208b84de19a
    source:
      service_url: https://api.components.espressif.com/
      type: service
    version: 1.3.2
  idf:
    component_hash: null
    source:
      type: idf
    version: 5.1.4
  joltwallet/littlefs:
    component_hash: 82fe9d7d57b5b95d29532aec744f3cfdf9ae1775ac0ca52ac61fc6dd7cf53dba
    source:
      service_url: https://api.components.espressif.com/
      type: service
    version: 1.14.6
manifest_hash: 4cbdcb48e96a5f8deba8caef22938076e1fede24f504d8d89f010993c6acffb5
target: esp32
version: 1.0.0
